// !$*UTF8*$!
{
	archiveVersion = 1;
	classes = {
	};
	objectVersion = 56;
	objects = {

/* Begin PBXBuildFile section */
		1E3D620DB9C6E8DFA9BE2C59 /* Pods_Utilities.framework in Frameworks */ = {isa = PBXBuildFile; fileRef = 2F3784A688D7B3189529C629 /* Pods_Utilities.framework */; };
		648BCA333FD97BD6ADA5F4E8 /* Pods_UtilitiesTests.framework in Frameworks */ = {isa = PBXBuildFile; fileRef = 4A91BFCAC3DF786A3566E074 /* Pods_UtilitiesTests.framework */; };
		9805BFDD2B1A1643009462B5 /* DataProvider.framework in Frameworks */ = {isa = PBXBuildFile; fileRef = 9805BFDC2B1A1643009462B5 /* DataProvider.framework */; };
		9805BFDE2B1A1643009462B5 /* DataProvider.framework in Embed Frameworks */ = {isa = PBXBuildFile; fileRef = 9805BFDC2B1A1643009462B5 /* DataProvider.framework */; settings = {ATTRIBUTES = (CodeSignOnCopy, RemoveHeadersOnCopy, ); }; };
		9805BFEF2B1A233B009462B5 /* Keychain+Constants.swift in Sources */ = {isa = PBXBuildFile; fileRef = 9805BFEE2B1A233B009462B5 /* Keychain+Constants.swift */; };
		9805BFF32B1A236C009462B5 /* DefaultsKey+Extensions.swift in Sources */ = {isa = PBXBuildFile; fileRef = 9805BFF22B1A236C009462B5 /* DefaultsKey+Extensions.swift */; };
		9805BFF62B1A2490009462B5 /* Closures.swift in Sources */ = {isa = PBXBuildFile; fileRef = 9805BFF52B1A2490009462B5 /* Closures.swift */; };
		98271FB12B1920F800097889 /* Utilities.docc in Sources */ = {isa = PBXBuildFile; fileRef = 98271FB02B1920F800097889 /* Utilities.docc */; };
		98271FBC2B1920F800097889 /* UtilitiesTests.swift in Sources */ = {isa = PBXBuildFile; fileRef = 98271FBB2B1920F800097889 /* UtilitiesTests.swift */; };
		98271FBD2B1920F800097889 /* Utilities.h in Headers */ = {isa = PBXBuildFile; fileRef = 98271FAF2B1920F800097889 /* Utilities.h */; settings = {ATTRIBUTES = (Public, ); }; };
		9827204A2B192C5C00097889 /* DataProvider.framework in Frameworks */ = {isa = PBXBuildFile; fileRef = 982720492B192C5C00097889 /* DataProvider.framework */; };
		9827204B2B192C5C00097889 /* DataProvider.framework in Embed Frameworks */ = {isa = PBXBuildFile; fileRef = 982720492B192C5C00097889 /* DataProvider.framework */; settings = {ATTRIBUTES = (CodeSignOnCopy, RemoveHeadersOnCopy, ); }; };
/* End PBXBuildFile section */

/* Begin PBXCopyFilesBuildPhase section */
		9805BFDF2B1A1643009462B5 /* Embed Frameworks */ = {
			isa = PBXCopyFilesBuildPhase;
			buildActionMask = 2147483647;
			dstPath = "";
			dstSubfolderSpec = 10;
			files = (
				9805BFDE2B1A1643009462B5 /* DataProvider.framework in Embed Frameworks */,
			);
			name = "Embed Frameworks";
			runOnlyForDeploymentPostprocessing = 0;
		};
		9827204C2B192C5C00097889 /* Embed Frameworks */ = {
			isa = PBXCopyFilesBuildPhase;
			buildActionMask = 2147483647;
			dstPath = "";
			dstSubfolderSpec = 10;
			files = (
				9827204B2B192C5C00097889 /* DataProvider.framework in Embed Frameworks */,
			);
			name = "Embed Frameworks";
			runOnlyForDeploymentPostprocessing = 0;
		};
/* End PBXCopyFilesBuildPhase section */

/* Begin PBXFileReference section */
		2F3784A688D7B3189529C629 /* Pods_Utilities.framework */ = {isa = PBXFileReference; explicitFileType = wrapper.framework; includeInIndex = 0; path = Pods_Utilities.framework; sourceTree = BUILT_PRODUCTS_DIR; };
		4A91BFCAC3DF786A3566E074 /* Pods_UtilitiesTests.framework */ = {isa = PBXFileReference; explicitFileType = wrapper.framework; includeInIndex = 0; path = Pods_UtilitiesTests.framework; sourceTree = BUILT_PRODUCTS_DIR; };
		54F8B65F1AFBC03D9C7B4674 /* Pods-Utilities.debug.xcconfig */ = {isa = PBXFileReference; includeInIndex = 1; lastKnownFileType = text.xcconfig; name = "Pods-Utilities.debug.xcconfig"; path = "Target Support Files/Pods-Utilities/Pods-Utilities.debug.xcconfig"; sourceTree = "<group>"; };
		70D24B2D59E439FB4E22E9C7 /* Pods-UtilitiesTests.release.xcconfig */ = {isa = PBXFileReference; includeInIndex = 1; lastKnownFileType = text.xcconfig; name = "Pods-UtilitiesTests.release.xcconfig"; path = "Target Support Files/Pods-UtilitiesTests/Pods-UtilitiesTests.release.xcconfig"; sourceTree = "<group>"; };
		8307424AA97F65E318E11859 /* Pods-UtilitiesTests.debug.xcconfig */ = {isa = PBXFileReference; includeInIndex = 1; lastKnownFileType = text.xcconfig; name = "Pods-UtilitiesTests.debug.xcconfig"; path = "Target Support Files/Pods-UtilitiesTests/Pods-UtilitiesTests.debug.xcconfig"; sourceTree = "<group>"; };
		9805BFDC2B1A1643009462B5 /* DataProvider.framework */ = {isa = PBXFileReference; explicitFileType = wrapper.framework; path = DataProvider.framework; sourceTree = BUILT_PRODUCTS_DIR; };
		9805BFEE2B1A233B009462B5 /* Keychain+Constants.swift */ = {isa = PBXFileReference; lastKnownFileType = sourcecode.swift; path = "Keychain+Constants.swift"; sourceTree = "<group>"; };
		9805BFF22B1A236C009462B5 /* DefaultsKey+Extensions.swift */ = {isa = PBXFileReference; lastKnownFileType = sourcecode.swift; path = "DefaultsKey+Extensions.swift"; sourceTree = "<group>"; };
		9805BFF52B1A2490009462B5 /* Closures.swift */ = {isa = PBXFileReference; lastKnownFileType = sourcecode.swift; path = Closures.swift; sourceTree = "<group>"; };
		98271FAC2B1920F800097889 /* Utilities.framework */ = {isa = PBXFileReference; explicitFileType = wrapper.framework; includeInIndex = 0; path = Utilities.framework; sourceTree = BUILT_PRODUCTS_DIR; };
		98271FAF2B1920F800097889 /* Utilities.h */ = {isa = PBXFileReference; lastKnownFileType = sourcecode.c.h; path = Utilities.h; sourceTree = "<group>"; };
		98271FB02B1920F800097889 /* Utilities.docc */ = {isa = PBXFileReference; lastKnownFileType = folder.documentationcatalog; path = Utilities.docc; sourceTree = "<group>"; };
		98271FB62B1920F800097889 /* UtilitiesTests.xctest */ = {isa = PBXFileReference; explicitFileType = wrapper.cfbundle; includeInIndex = 0; path = UtilitiesTests.xctest; sourceTree = BUILT_PRODUCTS_DIR; };
		98271FBB2B1920F800097889 /* UtilitiesTests.swift */ = {isa = PBXFileReference; lastKnownFileType = sourcecode.swift; path = UtilitiesTests.swift; sourceTree = "<group>"; };
		982720222B19220400097889 /* DataProvider.framework */ = {isa = PBXFileReference; explicitFileType = wrapper.framework; path = DataProvider.framework; sourceTree = BUILT_PRODUCTS_DIR; };
		982720492B192C5C00097889 /* DataProvider.framework */ = {isa = PBXFileReference; explicitFileType = wrapper.framework; path = DataProvider.framework; sourceTree = BUILT_PRODUCTS_DIR; };
		DE81C5BDF3E4B65BCF370592 /* Pods-Utilities.release.xcconfig */ = {isa = PBXFileReference; includeInIndex = 1; lastKnownFileType = text.xcconfig; name = "Pods-Utilities.release.xcconfig"; path = "Target Support Files/Pods-Utilities/Pods-Utilities.release.xcconfig"; sourceTree = "<group>"; };
/* End PBXFileReference section */

/* Begin PBXFrameworksBuildPhase section */
		98271FA92B1920F800097889 /* Frameworks */ = {
			isa = PBXFrameworksBuildPhase;
			buildActionMask = 2147483647;
			files = (
				9827204A2B192C5C00097889 /* DataProvider.framework in Frameworks */,
				1E3D620DB9C6E8DFA9BE2C59 /* Pods_Utilities.framework in Frameworks */,
			);
			runOnlyForDeploymentPostprocessing = 0;
		};
		98271FB32B1920F800097889 /* Frameworks */ = {
			isa = PBXFrameworksBuildPhase;
			buildActionMask = 2147483647;
			files = (
				9805BFDD2B1A1643009462B5 /* DataProvider.framework in Frameworks */,
				648BCA333FD97BD6ADA5F4E8 /* Pods_UtilitiesTests.framework in Frameworks */,
			);
			runOnlyForDeploymentPostprocessing = 0;
		};
/* End PBXFrameworksBuildPhase section */

/* Begin PBXGroup section */
		773585B0ABE60AAC9954BEA8 /* Pods */ = {
			isa = PBXGroup;
			children = (
				54F8B65F1AFBC03D9C7B4674 /* Pods-Utilities.debug.xcconfig */,
				DE81C5BDF3E4B65BCF370592 /* Pods-Utilities.release.xcconfig */,
				8307424AA97F65E318E11859 /* Pods-UtilitiesTests.debug.xcconfig */,
				70D24B2D59E439FB4E22E9C7 /* Pods-UtilitiesTests.release.xcconfig */,
			);
			name = Pods;
			path = ../Pods;
			sourceTree = "<group>";
		};
		9805BFED2B1A2318009462B5 /* Constants */ = {
			isa = PBXGroup;
			children = (
				9805BFEE2B1A233B009462B5 /* Keychain+Constants.swift */,
				9805BFF22B1A236C009462B5 /* DefaultsKey+Extensions.swift */,
			);
			path = Constants;
			sourceTree = "<group>";
		};
		9805BFF42B1A2458009462B5 /* Closures */ = {
			isa = PBXGroup;
			children = (
				9805BFF52B1A2490009462B5 /* Closures.swift */,
			);
			path = Closures;
			sourceTree = "<group>";
		};
		98271FA22B1920F800097889 = {
			isa = PBXGroup;
			children = (
				98271FAE2B1920F800097889 /* Utilities */,
				98271FBA2B1920F800097889 /* UtilitiesTests */,
				98271FAD2B1920F800097889 /* Products */,
				982720212B19220400097889 /* Frameworks */,
				773585B0ABE60AAC9954BEA8 /* Pods */,
			);
			sourceTree = "<group>";
		};
		98271FAD2B1920F800097889 /* Products */ = {
			isa = PBXGroup;
			children = (
				98271FAC2B1920F800097889 /* Utilities.framework */,
				98271FB62B1920F800097889 /* UtilitiesTests.xctest */,
			);
			name = Products;
			sourceTree = "<group>";
		};
		98271FAE2B1920F800097889 /* Utilities */ = {
			isa = PBXGroup;
			children = (
				9805BFED2B1A2318009462B5 /* Constants */,
				9805BFF42B1A2458009462B5 /* Closures */,
				98271FAF2B1920F800097889 /* Utilities.h */,
				98271FB02B1920F800097889 /* Utilities.docc */,
			);
			path = Utilities;
			sourceTree = "<group>";
		};
		98271FBA2B1920F800097889 /* UtilitiesTests */ = {
			isa = PBXGroup;
			children = (
				98271FBB2B1920F800097889 /* UtilitiesTests.swift */,
			);
			path = UtilitiesTests;
			sourceTree = "<group>";
		};
		982720212B19220400097889 /* Frameworks */ = {
			isa = PBXGroup;
			children = (
				9805BFDC2B1A1643009462B5 /* DataProvider.framework */,
				982720492B192C5C00097889 /* DataProvider.framework */,
				982720222B19220400097889 /* DataProvider.framework */,
				2F3784A688D7B3189529C629 /* Pods_Utilities.framework */,
				4A91BFCAC3DF786A3566E074 /* Pods_UtilitiesTests.framework */,
			);
			name = Frameworks;
			sourceTree = "<group>";
		};
/* End PBXGroup section */

/* Begin PBXHeadersBuildPhase section */
		98271FA72B1920F800097889 /* Headers */ = {
			isa = PBXHeadersBuildPhase;
			buildActionMask = 2147483647;
			files = (
				98271FBD2B1920F800097889 /* Utilities.h in Headers */,
			);
			runOnlyForDeploymentPostprocessing = 0;
		};
/* End PBXHeadersBuildPhase section */

/* Begin PBXNativeTarget section */
		98271FAB2B1920F800097889 /* Utilities */ = {
			isa = PBXNativeTarget;
			buildConfigurationList = 98271FC02B1920F800097889 /* Build configuration list for PBXNativeTarget "Utilities" */;
			buildPhases = (
				43C8FE03AD63D58A7C3FD80B /* [CP] Check Pods Manifest.lock */,
				98271FA72B1920F800097889 /* Headers */,
				98271FA82B1920F800097889 /* Sources */,
				98271FA92B1920F800097889 /* Frameworks */,
				98271FAA2B1920F800097889 /* Resources */,
				9827204C2B192C5C00097889 /* Embed Frameworks */,
			);
			buildRules = (
			);
			dependencies = (
			);
			name = Utilities;
			productName = Utilities;
			productReference = 98271FAC2B1920F800097889 /* Utilities.framework */;
			productType = "com.apple.product-type.framework";
		};
		98271FB52B1920F800097889 /* UtilitiesTests */ = {
			isa = PBXNativeTarget;
			buildConfigurationList = 98271FC32B1920F800097889 /* Build configuration list for PBXNativeTarget "UtilitiesTests" */;
			buildPhases = (
				652E755160963B9A4594DE81 /* [CP] Check Pods Manifest.lock */,
				98271FB22B1920F800097889 /* Sources */,
				98271FB32B1920F800097889 /* Frameworks */,
				98271FB42B1920F800097889 /* Resources */,
				9805BFDF2B1A1643009462B5 /* Embed Frameworks */,
			);
			buildRules = (
			);
			dependencies = (
			);
			name = UtilitiesTests;
			productName = UtilitiesTests;
			productReference = 98271FB62B1920F800097889 /* UtilitiesTests.xctest */;
			productType = "com.apple.product-type.bundle.unit-test";
		};
/* End PBXNativeTarget section */

/* Begin PBXProject section */
		98271FA32B1920F800097889 /* Project object */ = {
			isa = PBXProject;
			attributes = {
				BuildIndependentTargetsInParallel = 1;
				LastSwiftUpdateCheck = 1500;
				LastUpgradeCheck = 1500;
				TargetAttributes = {
					98271FAB2B1920F800097889 = {
						CreatedOnToolsVersion = 15.0.1;
					};
					98271FB52B1920F800097889 = {
						CreatedOnToolsVersion = 15.0.1;
					};
				};
			};
			buildConfigurationList = 98271FA62B1920F800097889 /* Build configuration list for PBXProject "Utilities" */;
			compatibilityVersion = "Xcode 14.0";
			developmentRegion = en;
			hasScannedForEncodings = 0;
			knownRegions = (
				en,
				Base,
			);
			mainGroup = 98271FA22B1920F800097889;
			productRefGroup = 98271FAD2B1920F800097889 /* Products */;
			projectDirPath = "";
			projectRoot = "";
			targets = (
				98271FAB2B1920F800097889 /* Utilities */,
				98271FB52B1920F800097889 /* UtilitiesTests */,
			);
		};
/* End PBXProject section */

/* Begin PBXResourcesBuildPhase section */
		98271FAA2B1920F800097889 /* Resources */ = {
			isa = PBXResourcesBuildPhase;
			buildActionMask = 2147483647;
			files = (
			);
			runOnlyForDeploymentPostprocessing = 0;
		};
		98271FB42B1920F800097889 /* Resources */ = {
			isa = PBXResourcesBuildPhase;
			buildActionMask = 2147483647;
			files = (
			);
			runOnlyForDeploymentPostprocessing = 0;
		};
/* End PBXResourcesBuildPhase section */

/* Begin PBXShellScriptBuildPhase section */
		43C8FE03AD63D58A7C3FD80B /* [CP] Check Pods Manifest.lock */ = {
			isa = PBXShellScriptBuildPhase;
			buildActionMask = 2147483647;
			files = (
			);
			inputFileListPaths = (
			);
			inputPaths = (
				"${PODS_PODFILE_DIR_PATH}/Podfile.lock",
				"${PODS_ROOT}/Manifest.lock",
			);
			name = "[CP] Check Pods Manifest.lock";
			outputFileListPaths = (
			);
			outputPaths = (
				"$(DERIVED_FILE_DIR)/Pods-Utilities-checkManifestLockResult.txt",
			);
			runOnlyForDeploymentPostprocessing = 0;
			shellPath = /bin/sh;
			shellScript = "diff \"${PODS_PODFILE_DIR_PATH}/Podfile.lock\" \"${PODS_ROOT}/Manifest.lock\" > /dev/null\nif [ $? != 0 ] ; then\n    # print error to STDERR\n    echo \"error: The sandbox is not in sync with the Podfile.lock. Run 'pod install' or update your CocoaPods installation.\" >&2\n    exit 1\nfi\n# This output is used by Xcode 'outputs' to avoid re-running this script phase.\necho \"SUCCESS\" > \"${SCRIPT_OUTPUT_FILE_0}\"\n";
			showEnvVarsInLog = 0;
		};
		652E755160963B9A4594DE81 /* [CP] Check Pods Manifest.lock */ = {
			isa = PBXShellScriptBuildPhase;
			buildActionMask = 2147483647;
			files = (
			);
			inputFileListPaths = (
			);
			inputPaths = (
				"${PODS_PODFILE_DIR_PATH}/Podfile.lock",
				"${PODS_ROOT}/Manifest.lock",
			);
			name = "[CP] Check Pods Manifest.lock";
			outputFileListPaths = (
			);
			outputPaths = (
				"$(DERIVED_FILE_DIR)/Pods-UtilitiesTests-checkManifestLockResult.txt",
			);
			runOnlyForDeploymentPostprocessing = 0;
			shellPath = /bin/sh;
			shellScript = "diff \"${PODS_PODFILE_DIR_PATH}/Podfile.lock\" \"${PODS_ROOT}/Manifest.lock\" > /dev/null\nif [ $? != 0 ] ; then\n    # print error to STDERR\n    echo \"error: The sandbox is not in sync with the Podfile.lock. Run 'pod install' or update your CocoaPods installation.\" >&2\n    exit 1\nfi\n# This output is used by Xcode 'outputs' to avoid re-running this script phase.\necho \"SUCCESS\" > \"${SCRIPT_OUTPUT_FILE_0}\"\n";
			showEnvVarsInLog = 0;
		};
/* End PBXShellScriptBuildPhase section */

/* Begin PBXSourcesBuildPhase section */
		98271FA82B1920F800097889 /* Sources */ = {
			isa = PBXSourcesBuildPhase;
			buildActionMask = 2147483647;
			files = (
				98271FB12B1920F800097889 /* Utilities.docc in Sources */,
				9805BFF62B1A2490009462B5 /* Closures.swift in Sources */,
				9805BFEF2B1A233B009462B5 /* Keychain+Constants.swift in Sources */,
				9805BFF32B1A236C009462B5 /* DefaultsKey+Extensions.swift in Sources */,
			);
			runOnlyForDeploymentPostprocessing = 0;
		};
		98271FB22B1920F800097889 /* Sources */ = {
			isa = PBXSourcesBuildPhase;
			buildActionMask = 2147483647;
			files = (
				98271FBC2B1920F800097889 /* UtilitiesTests.swift in Sources */,
			);
			runOnlyForDeploymentPostprocessing = 0;
		};
/* End PBXSourcesBuildPhase section */

/* Begin XCBuildConfiguration section */
		98271FBE2B1920F800097889 /* Debug */ = {
			isa = XCBuildConfiguration;
			buildSettings = {
				ALWAYS_SEARCH_USER_PATHS = NO;
				ASSETCATALOG_COMPILER_GENERATE_SWIFT_ASSET_SYMBOL_EXTENSIONS = YES;
				CLANG_ANALYZER_NONNULL = YES;
				CLANG_ANALYZER_NUMBER_OBJECT_CONVERSION = YES_AGGRESSIVE;
				CLANG_CXX_LANGUAGE_STANDARD = "gnu++20";
				CLANG_ENABLE_MODULES = YES;
				CLANG_ENABLE_OBJC_ARC = YES;
				CLANG_ENABLE_OBJC_WEAK = YES;
				CLANG_WARN_BLOCK_CAPTURE_AUTORELEASING = YES;
				CLANG_WARN_BOOL_CONVERSION = YES;
				CLANG_WARN_COMMA = YES;
				CLANG_WARN_CONSTANT_CONVERSION = YES;
				CLANG_WARN_DEPRECATED_OBJC_IMPLEMENTATIONS = YES;
				CLANG_WARN_DIRECT_OBJC_ISA_USAGE = YES_ERROR;
				CLANG_WARN_DOCUMENTATION_COMMENTS = YES;
				CLANG_WARN_EMPTY_BODY = YES;
				CLANG_WARN_ENUM_CONVERSION = YES;
				CLANG_WARN_INFINITE_RECURSION = YES;
				CLANG_WARN_INT_CONVERSION = YES;
				CLANG_WARN_NON_LITERAL_NULL_CONVERSION = YES;
				CLANG_WARN_OBJC_IMPLICIT_RETAIN_SELF = YES;
				CLANG_WARN_OBJC_LITERAL_CONVERSION = YES;
				CLANG_WARN_OBJC_ROOT_CLASS = YES_ERROR;
				CLANG_WARN_QUOTED_INCLUDE_IN_FRAMEWORK_HEADER = YES;
				CLANG_WARN_RANGE_LOOP_ANALYSIS = YES;
				CLANG_WARN_STRICT_PROTOTYPES = YES;
				CLANG_WARN_SUSPICIOUS_MOVE = YES;
				CLANG_WARN_UNGUARDED_AVAILABILITY = YES_AGGRESSIVE;
				CLANG_WARN_UNREACHABLE_CODE = YES;
				CLANG_WARN__DUPLICATE_METHOD_MATCH = YES;
				COPY_PHASE_STRIP = NO;
				CURRENT_PROJECT_VERSION = 1;
				DEBUG_INFORMATION_FORMAT = dwarf;
				ENABLE_STRICT_OBJC_MSGSEND = YES;
				ENABLE_TESTABILITY = YES;
				ENABLE_USER_SCRIPT_SANDBOXING = YES;
				GCC_C_LANGUAGE_STANDARD = gnu17;
				GCC_DYNAMIC_NO_PIC = NO;
				GCC_NO_COMMON_BLOCKS = YES;
				GCC_OPTIMIZATION_LEVEL = 0;
				GCC_PREPROCESSOR_DEFINITIONS = (
					"DEBUG=1",
					"$(inherited)",
				);
				GCC_WARN_64_TO_32_BIT_CONVERSION = YES;
				GCC_WARN_ABOUT_RETURN_TYPE = YES_ERROR;
				GCC_WARN_UNDECLARED_SELECTOR = YES;
				GCC_WARN_UNINITIALIZED_AUTOS = YES_AGGRESSIVE;
				GCC_WARN_UNUSED_FUNCTION = YES;
				GCC_WARN_UNUSED_VARIABLE = YES;
				IPHONEOS_DEPLOYMENT_TARGET = 17.0;
				LOCALIZATION_PREFERS_STRING_CATALOGS = YES;
				MTL_ENABLE_DEBUG_INFO = INCLUDE_SOURCE;
				MTL_FAST_MATH = YES;
				ONLY_ACTIVE_ARCH = YES;
				SDKROOT = iphoneos;
				SWIFT_ACTIVE_COMPILATION_CONDITIONS = "DEBUG $(inherited)";
				SWIFT_OPTIMIZATION_LEVEL = "-Onone";
				VERSIONING_SYSTEM = "apple-generic";
				VERSION_INFO_PREFIX = "";
			};
			name = Debug;
		};
		98271FBF2B1920F800097889 /* Release */ = {
			isa = XCBuildConfiguration;
			buildSettings = {
				ALWAYS_SEARCH_USER_PATHS = NO;
				ASSETCATALOG_COMPILER_GENERATE_SWIFT_ASSET_SYMBOL_EXTENSIONS = YES;
				CLANG_ANALYZER_NONNULL = YES;
				CLANG_ANALYZER_NUMBER_OBJECT_CONVERSION = YES_AGGRESSIVE;
				CLANG_CXX_LANGUAGE_STANDARD = "gnu++20";
				CLANG_ENABLE_MODULES = YES;
				CLANG_ENABLE_OBJC_ARC = YES;
				CLANG_ENABLE_OBJC_WEAK = YES;
				CLANG_WARN_BLOCK_CAPTURE_AUTORELEASING = YES;
				CLANG_WARN_BOOL_CONVERSION = YES;
				CLANG_WARN_COMMA = YES;
				CLANG_WARN_CONSTANT_CONVERSION = YES;
				CLANG_WARN_DEPRECATED_OBJC_IMPLEMENTATIONS = YES;
				CLANG_WARN_DIRECT_OBJC_ISA_USAGE = YES_ERROR;
				CLANG_WARN_DOCUMENTATION_COMMENTS = YES;
				CLANG_WARN_EMPTY_BODY = YES;
				CLANG_WARN_ENUM_CONVERSION = YES;
				CLANG_WARN_INFINITE_RECURSION = YES;
				CLANG_WARN_INT_CONVERSION = YES;
				CLANG_WARN_NON_LITERAL_NULL_CONVERSION = YES;
				CLANG_WARN_OBJC_IMPLICIT_RETAIN_SELF = YES;
				CLANG_WARN_OBJC_LITERAL_CONVERSION = YES;
				CLANG_WARN_OBJC_ROOT_CLASS = YES_ERROR;
				CLANG_WARN_QUOTED_INCLUDE_IN_FRAMEWORK_HEADER = YES;
				CLANG_WARN_RANGE_LOOP_ANALYSIS = YES;
				CLANG_WARN_STRICT_PROTOTYPES = YES;
				CLANG_WARN_SUSPICIOUS_MOVE = YES;
				CLANG_WARN_UNGUARDED_AVAILABILITY = YES_AGGRESSIVE;
				CLANG_WARN_UNREACHABLE_CODE = YES;
				CLANG_WARN__DUPLICATE_METHOD_MATCH = YES;
				COPY_PHASE_STRIP = NO;
				CURRENT_PROJECT_VERSION = 1;
				DEBUG_INFORMATION_FORMAT = "dwarf-with-dsym";
				ENABLE_NS_ASSERTIONS = NO;
				ENABLE_STRICT_OBJC_MSGSEND = YES;
				ENABLE_USER_SCRIPT_SANDBOXING = YES;
				GCC_C_LANGUAGE_STANDARD = gnu17;
				GCC_NO_COMMON_BLOCKS = YES;
				GCC_WARN_64_TO_32_BIT_CONVERSION = YES;
				GCC_WARN_ABOUT_RETURN_TYPE = YES_ERROR;
				GCC_WARN_UNDECLARED_SELECTOR = YES;
				GCC_WARN_UNINITIALIZED_AUTOS = YES_AGGRESSIVE;
				GCC_WARN_UNUSED_FUNCTION = YES;
				GCC_WARN_UNUSED_VARIABLE = YES;
				IPHONEOS_DEPLOYMENT_TARGET = 17.0;
				LOCALIZATION_PREFERS_STRING_CATALOGS = YES;
				MTL_ENABLE_DEBUG_INFO = NO;
				MTL_FAST_MATH = YES;
				SDKROOT = iphoneos;
				SWIFT_COMPILATION_MODE = wholemodule;
				VALIDATE_PRODUCT = YES;
				VERSIONING_SYSTEM = "apple-generic";
				VERSION_INFO_PREFIX = "";
			};
			name = Release;
		};
		98271FC12B1920F800097889 /* Debug */ = {
			isa = XCBuildConfiguration;
			baseConfigurationReference = 54F8B65F1AFBC03D9C7B4674 /* Pods-Utilities.debug.xcconfig */;
			buildSettings = {
				CODE_SIGN_STYLE = Automatic;
				COPY_HEADERS_RUN_UNIFDEF = NO;
				CURRENT_PROJECT_VERSION = 1;
				DEFINES_MODULE = YES;
				DYLIB_COMPATIBILITY_VERSION = 1;
				DYLIB_CURRENT_VERSION = 1;
				DYLIB_INSTALL_NAME_BASE = "@rpath";
				ENABLE_MODULE_VERIFIER = YES;
				GENERATE_INFOPLIST_FILE = YES;
				INFOPLIST_KEY_NSHumanReadableCopyright = "";
				INSTALL_PATH = "$(LOCAL_LIBRARY_DIR)/Frameworks";
				IPHONEOS_DEPLOYMENT_TARGET = 17.0;
				LD_RUNPATH_SEARCH_PATHS = (
					"$(inherited)",
					"@executable_path/Frameworks",
					"@loader_path/Frameworks",
				);
				MARKETING_VERSION = 1.0;
				MODULE_VERIFIER_SUPPORTED_LANGUAGES = "objective-c objective-c++";
				MODULE_VERIFIER_SUPPORTED_LANGUAGE_STANDARDS = "gnu17 gnu++20";
				PRODUCT_BUNDLE_IDENTIFIER = info.Utilities;
				PRODUCT_NAME = "$(TARGET_NAME:c99extidentifier)";
				SKIP_INSTALL = YES;
				SWIFT_EMIT_LOC_STRINGS = YES;
				SWIFT_VERSION = 5.0;
				TARGETED_DEVICE_FAMILY = "1,2";
			};
			name = Debug;
		};
		98271FC22B1920F800097889 /* Release */ = {
			isa = XCBuildConfiguration;
			baseConfigurationReference = DE81C5BDF3E4B65BCF370592 /* Pods-Utilities.release.xcconfig */;
			buildSettings = {
				CODE_SIGN_STYLE = Automatic;
				COPY_HEADERS_RUN_UNIFDEF = NO;
				CURRENT_PROJECT_VERSION = 1;
				DEFINES_MODULE = YES;
				DYLIB_COMPATIBILITY_VERSION = 1;
				DYLIB_CURRENT_VERSION = 1;
				DYLIB_INSTALL_NAME_BASE = "@rpath";
				ENABLE_MODULE_VERIFIER = YES;
				GENERATE_INFOPLIST_FILE = YES;
				INFOPLIST_KEY_NSHumanReadableCopyright = "";
				INSTALL_PATH = "$(LOCAL_LIBRARY_DIR)/Frameworks";
				IPHONEOS_DEPLOYMENT_TARGET = 17.0;
				LD_RUNPATH_SEARCH_PATHS = (
					"$(inherited)",
					"@executable_path/Frameworks",
					"@loader_path/Frameworks",
				);
				MARKETING_VERSION = 1.0;
				MODULE_VERIFIER_SUPPORTED_LANGUAGES = "objective-c objective-c++";
				MODULE_VERIFIER_SUPPORTED_LANGUAGE_STANDARDS = "gnu17 gnu++20";
				PRODUCT_BUNDLE_IDENTIFIER = info.Utilities;
				PRODUCT_NAME = "$(TARGET_NAME:c99extidentifier)";
				SKIP_INSTALL = YES;
				SWIFT_EMIT_LOC_STRINGS = YES;
				SWIFT_VERSION = 5.0;
				TARGETED_DEVICE_FAMILY = "1,2";
			};
			name = Release;
		};
		98271FC42B1920F800097889 /* Debug */ = {
			isa = XCBuildConfiguration;
			baseConfigurationReference = 8307424AA97F65E318E11859 /* Pods-UtilitiesTests.debug.xcconfig */;
			buildSettings = {
				CODE_SIGN_STYLE = Automatic;
				CURRENT_PROJECT_VERSION = 1;
				GENERATE_INFOPLIST_FILE = YES;
				MARKETING_VERSION = 1.0;
				PRODUCT_BUNDLE_IDENTIFIER = info.UtilitiesTests;
				PRODUCT_NAME = "$(TARGET_NAME)";
				SWIFT_EMIT_LOC_STRINGS = NO;
				SWIFT_VERSION = 5.0;
				TARGETED_DEVICE_FAMILY = "1,2";
			};
			name = Debug;
		};
		98271FC52B1920F800097889 /* Release */ = {
			isa = XCBuildConfiguration;
			baseConfigurationReference = 70D24B2D59E439FB4E22E9C7 /* Pods-UtilitiesTests.release.xcconfig */;
			buildSettings = {
				CODE_SIGN_STYLE = Automatic;
				CURRENT_PROJECT_VERSION = 1;
				GENERATE_INFOPLIST_FILE = YES;
				MARKETING_VERSION = 1.0;
				PRODUCT_BUNDLE_IDENTIFIER = info.UtilitiesTests;
				PRODUCT_NAME = "$(TARGET_NAME)";
				SWIFT_EMIT_LOC_STRINGS = NO;
				SWIFT_VERSION = 5.0;
				TARGETED_DEVICE_FAMILY = "1,2";
			};
			name = Release;
		};
/* End XCBuildConfiguration section */

/* Begin XCConfigurationList section */
		98271FA62B1920F800097889 /* Build configuration list for PBXProject "Utilities" */ = {
			isa = XCConfigurationList;
			buildConfigurations = (
				98271FBE2B1920F800097889 /* Debug */,
				98271FBF2B1920F800097889 /* Release */,
			);
			defaultConfigurationIsVisible = 0;
			defaultConfigurationName = Release;
		};
		98271FC02B1920F800097889 /* Build configuration list for PBXNativeTarget "Utilities" */ = {
			isa = XCConfigurationList;
			buildConfigurations = (
				98271FC12B1920F800097889 /* Debug */,
				98271FC22B1920F800097889 /* Release */,
			);
			defaultConfigurationIsVisible = 0;
			defaultConfigurationName = Release;
		};
		98271FC32B1920F800097889 /* Build configuration list for PBXNativeTarget "UtilitiesTests" */ = {
			isa = XCConfigurationList;
			buildConfigurations = (
				98271FC42B1920F800097889 /* Debug */,
				98271FC52B1920F800097889 /* Release */,
			);
			defaultConfigurationIsVisible = 0;
			defaultConfigurationName = Release;
		};
/* End XCConfigurationList section */
	};
	rootObject = 98271FA32B1920F800097889 /* Project object */;
}
